
Microsoft Visual Studio Solution File, Format Version 12.00
# Visual Studio 15
Project("{FAE04EC0-301F-11D3-BF4B-00C04F79EFBC}") = "ProtectTheVilage_Final", "ProtectTheVilage_Final.csproj", "{2F8EA907-43C9-6738-C226-404038EEBA8F}"
EndProject
Global
	GlobalSection(SolutionConfigurationPlatforms) = preSolution
		Debug|Any CPU = Debug|Any CPU
		Release|Any CPU = Release|Any CPU
	EndGlobalSection
	GlobalSection(ProjectConfigurationPlatforms) = postSolution
		{2F8EA907-43C9-6738-C226-404038EEBA8F}.Debug|Any CPU.ActiveCfg = Debug|Any CPU
		{2F8EA907-43C9-6738-C226-404038EEBA8F}.Debug|Any CPU.Build.0 = Debug|Any CPU
		{2F8EA907-43C9-6738-C226-404038EEBA8F}.Release|Any CPU.ActiveCfg = Release|Any CPU
		{2F8EA907-43C9-6738-C226-404038EEBA8F}.Release|Any CPU.Build.0 = Release|Any CPU
	EndGlobalSection
	GlobalSection(SolutionProperties) = preSolution
		HideSolutionNode = FALSE
	EndGlobalSection
EndGlobal
